// !$*UTF8*$!
{
	archiveVersion = 1;
	classes = {
	};
	objectVersion = 50;
	objects = {

/* Begin PBXBuildFile section */
		E73A7A09253E6E5500D769BD /* AppDelegate.swift in Sources */ = {isa = PBXBuildFile; fileRef = E73A7A08253E6E5500D769BD /* AppDelegate.swift */; };
		E73A7A0B253E6E5500D769BD /* SceneDelegate.swift in Sources */ = {isa = PBXBuildFile; fileRef = E73A7A0A253E6E5500D769BD /* SceneDelegate.swift */; };
		E73A7A10253E6E5500D769BD /* Main.storyboard in Resources */ = {isa = PBXBuildFile; fileRef = E73A7A0E253E6E5500D769BD /* Main.storyboard */; };
		E73A7A12253E6E5B00D769BD /* Assets.xcassets in Resources */ = {isa = PBXBuildFile; fileRef = E73A7A11253E6E5B00D769BD /* Assets.xcassets */; };
		E73A7A15253E6E5B00D769BD /* LaunchScreen.storyboard in Resources */ = {isa = PBXBuildFile; fileRef = E73A7A13253E6E5B00D769BD /* LaunchScreen.storyboard */; };
		E73A7A22253E9C1300D769BD /* HomeViewController.swift in Sources */ = {isa = PBXBuildFile; fileRef = E73A7A21253E9C1300D769BD /* HomeViewController.swift */; };
		E73A7A24253EA01B00D769BD /* ContentUsers.xib in Resources */ = {isa = PBXBuildFile; fileRef = E73A7A23253EA01B00D769BD /* ContentUsers.xib */; };
		E73A7A27253EA09B00D769BD /* ContentUsersTableViewCell.swift in Sources */ = {isa = PBXBuildFile; fileRef = E73A7A26253EA09B00D769BD /* ContentUsersTableViewCell.swift */; };
		E73A7A29253EA12900D769BD /* User.swift in Sources */ = {isa = PBXBuildFile; fileRef = E73A7A28253EA12900D769BD /* User.swift */; };
		E73A7A2B253EA33C00D769BD /* UITableViewExt.swift in Sources */ = {isa = PBXBuildFile; fileRef = E73A7A2A253EA33C00D769BD /* UITableViewExt.swift */; };
		E73A7A2D253EA89700D769BD /* UITextfieldExt.swift in Sources */ = {isa = PBXBuildFile; fileRef = E73A7A2C253EA89700D769BD /* UITextfieldExt.swift */; };
/* End PBXBuildFile section */

/* Begin PBXFileReference section */
		E73A7A05253E6E5500D769BD /* testCeiba.app */ = {isa = PBXFileReference; explicitFileType = wrapper.application; includeInIndex = 0; path = testCeiba.app; sourceTree = BUILT_PRODUCTS_DIR; };
		E73A7A08253E6E5500D769BD /* AppDelegate.swift */ = {isa = PBXFileReference; lastKnownFileType = sourcecode.swift; path = AppDelegate.swift; sourceTree = "<group>"; };
		E73A7A0A253E6E5500D769BD /* SceneDelegate.swift */ = {isa = PBXFileReference; lastKnownFileType = sourcecode.swift; path = SceneDelegate.swift; sourceTree = "<group>"; };
		E73A7A0F253E6E5500D769BD /* Base */ = {isa = PBXFileReference; lastKnownFileType = file.storyboard; name = Base; path = Base.lproj/Main.storyboard; sourceTree = "<group>"; };
		E73A7A11253E6E5B00D769BD /* Assets.xcassets */ = {isa = PBXFileReference; lastKnownFileType = folder.assetcatalog; path = Assets.xcassets; sourceTree = "<group>"; };
		E73A7A14253E6E5B00D769BD /* Base */ = {isa = PBXFileReference; lastKnownFileType = file.storyboard; name = Base; path = Base.lproj/LaunchScreen.storyboard; sourceTree = "<group>"; };
		E73A7A16253E6E5B00D769BD /* Info.plist */ = {isa = PBXFileReference; lastKnownFileType = text.plist.xml; path = Info.plist; sourceTree = "<group>"; };
		E73A7A21253E9C1300D769BD /* HomeViewController.swift */ = {isa = PBXFileReference; lastKnownFileType = sourcecode.swift; path = HomeViewController.swift; sourceTree = "<group>"; };
		E73A7A23253EA01B00D769BD /* ContentUsers.xib */ = {isa = PBXFileReference; lastKnownFileType = file.xib; path = ContentUsers.xib; sourceTree = "<group>"; };
		E73A7A26253EA09B00D769BD /* ContentUsersTableViewCell.swift */ = {isa = PBXFileReference; lastKnownFileType = sourcecode.swift; path = ContentUsersTableViewCell.swift; sourceTree = "<group>"; };
		E73A7A28253EA12900D769BD /* User.swift */ = {isa = PBXFileReference; lastKnownFileType = sourcecode.swift; path = User.swift; sourceTree = "<group>"; };
		E73A7A2A253EA33C00D769BD /* UITableViewExt.swift */ = {isa = PBXFileReference; lastKnownFileType = sourcecode.swift; path = UITableViewExt.swift; sourceTree = "<group>"; };
		E73A7A2C253EA89700D769BD /* UITextfieldExt.swift */ = {isa = PBXFileReference; lastKnownFileType = sourcecode.swift; path = UITextfieldExt.swift; sourceTree = "<group>"; };
/* End PBXFileReference section */

/* Begin PBXFrameworksBuildPhase section */
		E73A7A02253E6E5500D769BD /* Frameworks */ = {
			isa = PBXFrameworksBuildPhase;
			buildActionMask = 2147483647;
			files = (
			);
			runOnlyForDeploymentPostprocessing = 0;
		};
/* End PBXFrameworksBuildPhase section */

/* Begin PBXGroup section */
		E73A79FC253E6E5400D769BD = {
			isa = PBXGroup;
			children = (
				E73A7A07253E6E5500D769BD /* testCeiba */,
				E73A7A06253E6E5500D769BD /* Products */,
			);
			sourceTree = "<group>";
		};
		E73A7A06253E6E5500D769BD /* Products */ = {
			isa = PBXGroup;
			children = (
				E73A7A05253E6E5500D769BD /* testCeiba.app */,
			);
			name = Products;
			sourceTree = "<group>";
		};
		E73A7A07253E6E5500D769BD /* testCeiba */ = {
			isa = PBXGroup;
			children = (
				E73A7A20253E9A4700D769BD /* Config */,
				E73A7A1F253E9A2600D769BD /* Storyboard */,
				E73A7A1E253E9A2000D769BD /* Models */,
				E73A7A1C253E9A0B00D769BD /* View Controllers */,
				E73A7A16253E6E5B00D769BD /* Info.plist */,
			);
			path = testCeiba;
			sourceTree = "<group>";
		};
		E73A7A1C253E9A0B00D769BD /* View Controllers */ = {
			isa = PBXGroup;
			children = (
				E73A7A25253EA07300D769BD /* TableViewCell */,
				E73A7A21253E9C1300D769BD /* HomeViewController.swift */,
			);
			path = "View Controllers";
			sourceTree = "<group>";
		};
		E73A7A1E253E9A2000D769BD /* Models */ = {
			isa = PBXGroup;
			children = (
				E73A7A28253EA12900D769BD /* User.swift */,
				E73A7A2A253EA33C00D769BD /* UITableViewExt.swift */,
				E73A7A2C253EA89700D769BD /* UITextfieldExt.swift */,
			);
			path = Models;
			sourceTree = "<group>";
		};
		E73A7A1F253E9A2600D769BD /* Storyboard */ = {
			isa = PBXGroup;
			children = (
				E73A7A0E253E6E5500D769BD /* Main.storyboard */,
				E73A7A13253E6E5B00D769BD /* LaunchScreen.storyboard */,
				E73A7A23253EA01B00D769BD /* ContentUsers.xib */,
			);
			path = Storyboard;
			sourceTree = "<group>";
		};
		E73A7A20253E9A4700D769BD /* Config */ = {
			isa = PBXGroup;
			children = (
				E73A7A08253E6E5500D769BD /* AppDelegate.swift */,
				E73A7A0A253E6E5500D769BD /* SceneDelegate.swift */,
				E73A7A11253E6E5B00D769BD /* Assets.xcassets */,
			);
			path = Config;
			sourceTree = "<group>";
		};
		E73A7A25253EA07300D769BD /* TableViewCell */ = {
			isa = PBXGroup;
			children = (
				E73A7A26253EA09B00D769BD /* ContentUsersTableViewCell.swift */,
			);
			path = TableViewCell;
			sourceTree = "<group>";
		};
/* End PBXGroup section */

/* Begin PBXNativeTarget section */
		E73A7A04253E6E5500D769BD /* testCeiba */ = {
			isa = PBXNativeTarget;
			buildConfigurationList = E73A7A19253E6E5B00D769BD /* Build configuration list for PBXNativeTarget "testCeiba" */;
			buildPhases = (
				E73A7A01253E6E5500D769BD /* Sources */,
				E73A7A02253E6E5500D769BD /* Frameworks */,
				E73A7A03253E6E5500D769BD /* Resources */,
			);
			buildRules = (
			);
			dependencies = (
			);
			name = testCeiba;
			productName = testCeiba;
			productReference = E73A7A05253E6E5500D769BD /* testCeiba.app */;
			productType = "com.apple.product-type.application";
		};
/* End PBXNativeTarget section */

/* Begin PBXProject section */
		E73A79FD253E6E5400D769BD /* Project object */ = {
			isa = PBXProject;
			attributes = {
				LastSwiftUpdateCheck = 1170;
				LastUpgradeCheck = 1170;
				ORGANIZATIONNAME = "Nicolas Chavez";
				TargetAttributes = {
					E73A7A04253E6E5500D769BD = {
						CreatedOnToolsVersion = 11.7;
					};
				};
			};
			buildConfigurationList = E73A7A00253E6E5400D769BD /* Build configuration list for PBXProject "testCeiba" */;
			compatibilityVersion = "Xcode 9.3";
			developmentRegion = en;
			hasScannedForEncodings = 0;
			knownRegions = (
				en,
				Base,
			);
			mainGroup = E73A79FC253E6E5400D769BD;
			productRefGroup = E73A7A06253E6E5500D769BD /* Products */;
			projectDirPath = "";
			projectRoot = "";
			targets = (
				E73A7A04253E6E5500D769BD /* testCeiba */,
			);
		};
/* End PBXProject section */

/* Begin PBXResourcesBuildPhase section */
		E73A7A03253E6E5500D769BD /* Resources */ = {
			isa = PBXResourcesBuildPhase;
			buildActionMask = 2147483647;
			files = (
				E73A7A15253E6E5B00D769BD /* LaunchScreen.storyboard in Resources */,
				E73A7A12253E6E5B00D769BD /* Assets.xcassets in Resources */,
				E73A7A24253EA01B00D769BD /* ContentUsers.xib in Resources */,
				E73A7A10253E6E5500D769BD /* Main.storyboard in Resources */,
			);
			runOnlyForDeploymentPostprocessing = 0;
		};
/* End PBXResourcesBuildPhase section */

/* Begin PBXSourcesBuildPhase section */
		E73A7A01253E6E5500D769BD /* Sources */ = {
			isa = PBXSourcesBuildPhase;
			buildActionMask = 2147483647;
			files = (
				E73A7A2D253EA89700D769BD /* UITextfieldExt.swift in Sources */,
				E73A7A09253E6E5500D769BD /* AppDelegate.swift in Sources */,
				E73A7A2B253EA33C00D769BD /* UITableViewExt.swift in Sources */,
				E73A7A0B253E6E5500D769BD /* SceneDelegate.swift in Sources */,
				E73A7A27253EA09B00D769BD /* ContentUsersTableViewCell.swift in Sources */,
				E73A7A29253EA12900D769BD /* User.swift in Sources */,
				E73A7A22253E9C1300D769BD /* HomeViewController.swift in Sources */,
			);
			runOnlyForDeploymentPostprocessing = 0;
		};
/* End PBXSourcesBuildPhase section */

/* Begin PBXVariantGroup section */
		E73A7A0E253E6E5500D769BD /* Main.storyboard */ = {
			isa = PBXVariantGroup;
			children = (
				E73A7A0F253E6E5500D769BD /* Base */,
			);
			name = Main.storyboard;
			sourceTree = "<group>";
		};
		E73A7A13253E6E5B00D769BD /* LaunchScreen.storyboard */ = {
			isa = PBXVariantGroup;
			children = (
				E73A7A14253E6E5B00D769BD /* Base */,
			);
			name = LaunchScreen.storyboard;
			sourceTree = "<group>";
		};
/* End PBXVariantGroup section */

/* Begin XCBuildConfiguration section */
		E73A7A17253E6E5B00D769BD /* Debug */ = {
			isa = XCBuildConfiguration;
			buildSettings = {
				ALWAYS_SEARCH_USER_PATHS = NO;
				CLANG_ANALYZER_NONNULL = YES;
				CLANG_ANALYZER_NUMBER_OBJECT_CONVERSION = YES_AGGRESSIVE;
				CLANG_CXX_LANGUAGE_STANDARD = "gnu++14";
				CLANG_CXX_LIBRARY = "libc++";
				CLANG_ENABLE_MODULES = YES;
				CLANG_ENABLE_OBJC_ARC = YES;
				CLANG_ENABLE_OBJC_WEAK = YES;
				CLANG_WARN_BLOCK_CAPTURE_AUTORELEASING = YES;
				CLANG_WARN_BOOL_CONVERSION = YES;
				CLANG_WARN_COMMA = YES;
				CLANG_WARN_CONSTANT_CONVERSION = YES;
				CLANG_WARN_DEPRECATED_OBJC_IMPLEMENTATIONS = YES;
				CLANG_WARN_DIRECT_OBJC_ISA_USAGE = YES_ERROR;
				CLANG_WARN_DOCUMENTATION_COMMENTS = YES;
				CLANG_WARN_EMPTY_BODY = YES;
				CLANG_WARN_ENUM_CONVERSION = YES;
				CLANG_WARN_INFINITE_RECURSION = YES;
				CLANG_WARN_INT_CONVERSION = YES;
				CLANG_WARN_NON_LITERAL_NULL_CONVERSION = YES;
				CLANG_WARN_OBJC_IMPLICIT_RETAIN_SELF = YES;
				CLANG_WARN_OBJC_LITERAL_CONVERSION = YES;
				CLANG_WARN_OBJC_ROOT_CLASS = YES_ERROR;
				CLANG_WARN_RANGE_LOOP_ANALYSIS = YES;
				CLANG_WARN_STRICT_PROTOTYPES = YES;
				CLANG_WARN_SUSPICIOUS_MOVE = YES;
				CLANG_WARN_UNGUARDED_AVAILABILITY = YES_AGGRESSIVE;
				CLANG_WARN_UNREACHABLE_CODE = YES;
				CLANG_WARN__DUPLICATE_METHOD_MATCH = YES;
				COPY_PHASE_STRIP = NO;
				DEBUG_INFORMATION_FORMAT = dwarf;
				ENABLE_STRICT_OBJC_MSGSEND = YES;
				ENABLE_TESTABILITY = YES;
				GCC_C_LANGUAGE_STANDARD = gnu11;
				GCC_DYNAMIC_NO_PIC = NO;
				GCC_NO_COMMON_BLOCKS = YES;
				GCC_OPTIMIZATION_LEVEL = 0;
				GCC_PREPROCESSOR_DEFINITIONS = (
					"DEBUG=1",
					"$(inherited)",
				);
				GCC_WARN_64_TO_32_BIT_CONVERSION = YES;
				GCC_WARN_ABOUT_RETURN_TYPE = YES_ERROR;
				GCC_WARN_UNDECLARED_SELECTOR = YES;
				GCC_WARN_UNINITIALIZED_AUTOS = YES_AGGRESSIVE;
				GCC_WARN_UNUSED_FUNCTION = YES;
				GCC_WARN_UNUSED_VARIABLE = YES;
				IPHONEOS_DEPLOYMENT_TARGET = 13.7;
				MTL_ENABLE_DEBUG_INFO = INCLUDE_SOURCE;
				MTL_FAST_MATH = YES;
				ONLY_ACTIVE_ARCH = YES;
				SDKROOT = iphoneos;
				SWIFT_ACTIVE_COMPILATION_CONDITIONS = DEBUG;
				SWIFT_OPTIMIZATION_LEVEL = "-Onone";
			};
			name = Debug;
		};
		E73A7A18253E6E5B00D769BD /* Release */ = {
			isa = XCBuildConfiguration;
			buildSettings = {
				ALWAYS_SEARCH_USER_PATHS = NO;
				CLANG_ANALYZER_NONNULL = YES;
				CLANG_ANALYZER_NUMBER_OBJECT_CONVERSION = YES_AGGRESSIVE;
				CLANG_CXX_LANGUAGE_STANDARD = "gnu++14";
				CLANG_CXX_LIBRARY = "libc++";
				CLANG_ENABLE_MODULES = YES;
				CLANG_ENABLE_OBJC_ARC = YES;
				CLANG_ENABLE_OBJC_WEAK = YES;
				CLANG_WARN_BLOCK_CAPTURE_AUTORELEASING = YES;
				CLANG_WARN_BOOL_CONVERSION = YES;
				CLANG_WARN_COMMA = YES;
				CLANG_WARN_CONSTANT_CONVERSION = YES;
				CLANG_WARN_DEPRECATED_OBJC_IMPLEMENTATIONS = YES;
				CLANG_WARN_DIRECT_OBJC_ISA_USAGE = YES_ERROR;
				CLANG_WARN_DOCUMENTATION_COMMENTS = YES;
				CLANG_WARN_EMPTY_BODY = YES;
				CLANG_WARN_ENUM_CONVERSION = YES;
				CLANG_WARN_INFINITE_RECURSION = YES;
				CLANG_WARN_INT_CONVERSION = YES;
				CLANG_WARN_NON_LITERAL_NULL_CONVERSION = YES;
				CLANG_WARN_OBJC_IMPLICIT_RETAIN_SELF = YES;
				CLANG_WARN_OBJC_LITERAL_CONVERSION = YES;
				CLANG_WARN_OBJC_ROOT_CLASS = YES_ERROR;
				CLANG_WARN_RANGE_LOOP_ANALYSIS = YES;
				CLANG_WARN_STRICT_PROTOTYPES = YES;
				CLANG_WARN_SUSPICIOUS_MOVE = YES;
				CLANG_WARN_UNGUARDED_AVAILABILITY = YES_AGGRESSIVE;
				CLANG_WARN_UNREACHABLE_CODE = YES;
				CLANG_WARN__DUPLICATE_METHOD_MATCH = YES;
				COPY_PHASE_STRIP = NO;
				DEBUG_INFORMATION_FORMAT = "dwarf-with-dsym";
				ENABLE_NS_ASSERTIONS = NO;
				ENABLE_STRICT_OBJC_MSGSEND = YES;
				GCC_C_LANGUAGE_STANDARD = gnu11;
				GCC_NO_COMMON_BLOCKS = YES;
				GCC_WARN_64_TO_32_BIT_CONVERSION = YES;
				GCC_WARN_ABOUT_RETURN_TYPE = YES_ERROR;
				GCC_WARN_UNDECLARED_SELECTOR = YES;
				GCC_WARN_UNINITIALIZED_AUTOS = YES_AGGRESSIVE;
				GCC_WARN_UNUSED_FUNCTION = YES;
				GCC_WARN_UNUSED_VARIABLE = YES;
				IPHONEOS_DEPLOYMENT_TARGET = 13.7;
				MTL_ENABLE_DEBUG_INFO = NO;
				MTL_FAST_MATH = YES;
				SDKROOT = iphoneos;
				SWIFT_COMPILATION_MODE = wholemodule;
				SWIFT_OPTIMIZATION_LEVEL = "-O";
				VALIDATE_PRODUCT = YES;
			};
			name = Release;
		};
		E73A7A1A253E6E5B00D769BD /* Debug */ = {
			isa = XCBuildConfiguration;
			buildSettings = {
				ASSETCATALOG_COMPILER_APPICON_NAME = AppIcon;
				CODE_SIGN_STYLE = Automatic;
				INFOPLIST_FILE = testCeiba/Info.plist;
				LD_RUNPATH_SEARCH_PATHS = (
					"$(inherited)",
					"@executable_path/Frameworks",
				);
				PRODUCT_BUNDLE_IDENTIFIER = com.prueba.testCeiba;
				PRODUCT_NAME = "$(TARGET_NAME)";
				SWIFT_VERSION = 5.0;
				TARGETED_DEVICE_FAMILY = "1,2";
			};
			name = Debug;
		};
		E73A7A1B253E6E5B00D769BD /* Release */ = {
			isa = XCBuildConfiguration;
			buildSettings = {
				ASSETCATALOG_COMPILER_APPICON_NAME = AppIcon;
				CODE_SIGN_STYLE = Automatic;
				INFOPLIST_FILE = testCeiba/Info.plist;
				LD_RUNPATH_SEARCH_PATHS = (
					"$(inherited)",
					"@executable_path/Frameworks",
				);
				PRODUCT_BUNDLE_IDENTIFIER = com.prueba.testCeiba;
				PRODUCT_NAME = "$(TARGET_NAME)";
				SWIFT_VERSION = 5.0;
				TARGETED_DEVICE_FAMILY = "1,2";
			};
			name = Release;
		};
/* End XCBuildConfiguration section */

/* Begin XCConfigurationList section */
		E73A7A00253E6E5400D769BD /* Build configuration list for PBXProject "testCeiba" */ = {
			isa = XCConfigurationList;
			buildConfigurations = (
				E73A7A17253E6E5B00D769BD /* Debug */,
				E73A7A18253E6E5B00D769BD /* Release */,
			);
			defaultConfigurationIsVisible = 0;
			defaultConfigurationName = Release;
		};
		E73A7A19253E6E5B00D769BD /* Build configuration list for PBXNativeTarget "testCeiba" */ = {
			isa = XCConfigurationList;
			buildConfigurations = (
				E73A7A1A253E6E5B00D769BD /* Debug */,
				E73A7A1B253E6E5B00D769BD /* Release */,
			);
			defaultConfigurationIsVisible = 0;
			defaultConfigurationName = Release;
		};
/* End XCConfigurationList section */
	};
	rootObject = E73A79FD253E6E5400D769BD /* Project object */;
}
